// !$*UTF8*$!
{
	archiveVersion = 1;
	classes = {
	};
	objectVersion = 50;
	objects = {

/* Begin PBXBuildFile section */
		9C200D27233B49680044A91A /* RequestTaskMap.swift in Sources */ = {isa = PBXBuildFile; fileRef = 9C200D26233B49680044A91A /* RequestTaskMap.swift */; };
		9C200D29233B49940044A91A /* Request.swift in Sources */ = {isa = PBXBuildFile; fileRef = 9C200D28233B49940044A91A /* Request.swift */; };
		9C200D2B233B55900044A91A /* URLConvertible+URLRequestConvertible.swift in Sources */ = {isa = PBXBuildFile; fileRef = 9C200D2A233B55900044A91A /* URLConvertible+URLRequestConvertible.swift */; };
		9C200D2D233B55E30044A91A /* HTTPHeaders.swift in Sources */ = {isa = PBXBuildFile; fileRef = 9C200D2C233B55E30044A91A /* HTTPHeaders.swift */; };
		9C200D2F233B56480044A91A /* AFError.swift in Sources */ = {isa = PBXBuildFile; fileRef = 9C200D2E233B56480044A91A /* AFError.swift */; };
		9C200D35233C9C120044A91A /* DispatchQueue+Alamofire.swift in Sources */ = {isa = PBXBuildFile; fileRef = 9C200D34233C9C120044A91A /* DispatchQueue+Alamofire.swift */; };
		9C3B55D923054A6B00063443 /* AppDelegate.swift in Sources */ = {isa = PBXBuildFile; fileRef = 9C3B55D823054A6B00063443 /* AppDelegate.swift */; };
		9C3B55DB23054A6B00063443 /* ViewController.swift in Sources */ = {isa = PBXBuildFile; fileRef = 9C3B55DA23054A6B00063443 /* ViewController.swift */; };
		9C3B55DE23054A6B00063443 /* Main.storyboard in Resources */ = {isa = PBXBuildFile; fileRef = 9C3B55DC23054A6B00063443 /* Main.storyboard */; };
		9C3B55E023054A6C00063443 /* Assets.xcassets in Resources */ = {isa = PBXBuildFile; fileRef = 9C3B55DF23054A6C00063443 /* Assets.xcassets */; };
		9C3B55E323054A6C00063443 /* LaunchScreen.storyboard in Resources */ = {isa = PBXBuildFile; fileRef = 9C3B55E123054A6C00063443 /* LaunchScreen.storyboard */; };
		9C3B55EE23054A6C00063443 /* FileDownLoadUploadManagerTests.swift in Sources */ = {isa = PBXBuildFile; fileRef = 9C3B55ED23054A6C00063443 /* FileDownLoadUploadManagerTests.swift */; };
		9C3B55F923054A6C00063443 /* FileDownLoadUploadManagerUITests.swift in Sources */ = {isa = PBXBuildFile; fileRef = 9C3B55F823054A6C00063443 /* FileDownLoadUploadManagerUITests.swift */; };
		9C3B560823054AAD00063443 /* GYFileManager.swift in Sources */ = {isa = PBXBuildFile; fileRef = 9C3B560723054AAD00063443 /* GYFileManager.swift */; };
		9C9F2712233374DB00E1F083 /* GYSession.swift in Sources */ = {isa = PBXBuildFile; fileRef = 9C9F2711233374DB00E1F083 /* GYSession.swift */; };
		9C9F27142333756900E1F083 /* GYSessionDelegate.swift in Sources */ = {isa = PBXBuildFile; fileRef = 9C9F27132333756900E1F083 /* GYSessionDelegate.swift */; };
/* End PBXBuildFile section */

/* Begin PBXContainerItemProxy section */
		9C3B55EA23054A6C00063443 /* PBXContainerItemProxy */ = {
			isa = PBXContainerItemProxy;
			containerPortal = 9C3B55CD23054A6B00063443 /* Project object */;
			proxyType = 1;
			remoteGlobalIDString = 9C3B55D423054A6B00063443;
			remoteInfo = FileDownLoadUploadManager;
		};
		9C3B55F523054A6C00063443 /* PBXContainerItemProxy */ = {
			isa = PBXContainerItemProxy;
			containerPortal = 9C3B55CD23054A6B00063443 /* Project object */;
			proxyType = 1;
			remoteGlobalIDString = 9C3B55D423054A6B00063443;
			remoteInfo = FileDownLoadUploadManager;
		};
/* End PBXContainerItemProxy section */

/* Begin PBXFileReference section */
		9C200D26233B49680044A91A /* RequestTaskMap.swift */ = {isa = PBXFileReference; fileEncoding = 4; lastKnownFileType = sourcecode.swift; path = RequestTaskMap.swift; sourceTree = "<group>"; };
		9C200D28233B49940044A91A /* Request.swift */ = {isa = PBXFileReference; lastKnownFileType = sourcecode.swift; path = Request.swift; sourceTree = "<group>"; };
		9C200D2A233B55900044A91A /* URLConvertible+URLRequestConvertible.swift */ = {isa = PBXFileReference; fileEncoding = 4; lastKnownFileType = sourcecode.swift; path = "URLConvertible+URLRequestConvertible.swift"; sourceTree = "<group>"; };
		9C200D2C233B55E30044A91A /* HTTPHeaders.swift */ = {isa = PBXFileReference; fileEncoding = 4; lastKnownFileType = sourcecode.swift; path = HTTPHeaders.swift; sourceTree = "<group>"; };
		9C200D2E233B56480044A91A /* AFError.swift */ = {isa = PBXFileReference; fileEncoding = 4; lastKnownFileType = sourcecode.swift; path = AFError.swift; sourceTree = "<group>"; };
		9C200D34233C9C120044A91A /* DispatchQueue+Alamofire.swift */ = {isa = PBXFileReference; fileEncoding = 4; lastKnownFileType = sourcecode.swift; path = "DispatchQueue+Alamofire.swift"; sourceTree = "<group>"; };
		9C3B55D523054A6B00063443 /* FileDownLoadUploadManager.app */ = {isa = PBXFileReference; explicitFileType = wrapper.application; includeInIndex = 0; path = FileDownLoadUploadManager.app; sourceTree = BUILT_PRODUCTS_DIR; };
		9C3B55D823054A6B00063443 /* AppDelegate.swift */ = {isa = PBXFileReference; lastKnownFileType = sourcecode.swift; path = AppDelegate.swift; sourceTree = "<group>"; };
		9C3B55DA23054A6B00063443 /* ViewController.swift */ = {isa = PBXFileReference; lastKnownFileType = sourcecode.swift; path = ViewController.swift; sourceTree = "<group>"; };
		9C3B55DD23054A6B00063443 /* Base */ = {isa = PBXFileReference; lastKnownFileType = file.storyboard; name = Base; path = Base.lproj/Main.storyboard; sourceTree = "<group>"; };
		9C3B55DF23054A6C00063443 /* Assets.xcassets */ = {isa = PBXFileReference; lastKnownFileType = folder.assetcatalog; path = Assets.xcassets; sourceTree = "<group>"; };
		9C3B55E223054A6C00063443 /* Base */ = {isa = PBXFileReference; lastKnownFileType = file.storyboard; name = Base; path = Base.lproj/LaunchScreen.storyboard; sourceTree = "<group>"; };
		9C3B55E423054A6C00063443 /* Info.plist */ = {isa = PBXFileReference; lastKnownFileType = text.plist.xml; path = Info.plist; sourceTree = "<group>"; };
		9C3B55E923054A6C00063443 /* FileDownLoadUploadManagerTests.xctest */ = {isa = PBXFileReference; explicitFileType = wrapper.cfbundle; includeInIndex = 0; path = FileDownLoadUploadManagerTests.xctest; sourceTree = BUILT_PRODUCTS_DIR; };
		9C3B55ED23054A6C00063443 /* FileDownLoadUploadManagerTests.swift */ = {isa = PBXFileReference; lastKnownFileType = sourcecode.swift; path = FileDownLoadUploadManagerTests.swift; sourceTree = "<group>"; };
		9C3B55EF23054A6C00063443 /* Info.plist */ = {isa = PBXFileReference; lastKnownFileType = text.plist.xml; path = Info.plist; sourceTree = "<group>"; };
		9C3B55F423054A6C00063443 /* FileDownLoadUploadManagerUITests.xctest */ = {isa = PBXFileReference; explicitFileType = wrapper.cfbundle; includeInIndex = 0; path = FileDownLoadUploadManagerUITests.xctest; sourceTree = BUILT_PRODUCTS_DIR; };
		9C3B55F823054A6C00063443 /* FileDownLoadUploadManagerUITests.swift */ = {isa = PBXFileReference; lastKnownFileType = sourcecode.swift; path = FileDownLoadUploadManagerUITests.swift; sourceTree = "<group>"; };
		9C3B55FA23054A6C00063443 /* Info.plist */ = {isa = PBXFileReference; lastKnownFileType = text.plist.xml; path = Info.plist; sourceTree = "<group>"; };
		9C3B560723054AAD00063443 /* GYFileManager.swift */ = {isa = PBXFileReference; lastKnownFileType = sourcecode.swift; path = GYFileManager.swift; sourceTree = "<group>"; };
		9C9F2711233374DB00E1F083 /* GYSession.swift */ = {isa = PBXFileReference; lastKnownFileType = sourcecode.swift; path = GYSession.swift; sourceTree = "<group>"; };
		9C9F27132333756900E1F083 /* GYSessionDelegate.swift */ = {isa = PBXFileReference; lastKnownFileType = sourcecode.swift; path = GYSessionDelegate.swift; sourceTree = "<group>"; };
/* End PBXFileReference section */

/* Begin PBXFrameworksBuildPhase section */
		9C3B55D223054A6B00063443 /* Frameworks */ = {
			isa = PBXFrameworksBuildPhase;
			buildActionMask = 2147483647;
			files = (
			);
			runOnlyForDeploymentPostprocessing = 0;
		};
		9C3B55E623054A6C00063443 /* Frameworks */ = {
			isa = PBXFrameworksBuildPhase;
			buildActionMask = 2147483647;
			files = (
			);
			runOnlyForDeploymentPostprocessing = 0;
		};
		9C3B55F123054A6C00063443 /* Frameworks */ = {
			isa = PBXFrameworksBuildPhase;
			buildActionMask = 2147483647;
			files = (
			);
			runOnlyForDeploymentPostprocessing = 0;
		};
/* End PBXFrameworksBuildPhase section */

/* Begin PBXGroup section */
		9C3B55CC23054A6B00063443 = {
			isa = PBXGroup;
			children = (
				9C3B55D723054A6B00063443 /* FileDownLoadUploadManager */,
				9C3B55EC23054A6C00063443 /* FileDownLoadUploadManagerTests */,
				9C3B55F723054A6C00063443 /* FileDownLoadUploadManagerUITests */,
				9C3B55D623054A6B00063443 /* Products */,
			);
			sourceTree = "<group>";
		};
		9C3B55D623054A6B00063443 /* Products */ = {
			isa = PBXGroup;
			children = (
				9C3B55D523054A6B00063443 /* FileDownLoadUploadManager.app */,
				9C3B55E923054A6C00063443 /* FileDownLoadUploadManagerTests.xctest */,
				9C3B55F423054A6C00063443 /* FileDownLoadUploadManagerUITests.xctest */,
			);
			name = Products;
			sourceTree = "<group>";
		};
		9C3B55D723054A6B00063443 /* FileDownLoadUploadManager */ = {
			isa = PBXGroup;
			children = (
				9C3B560623054A8700063443 /* FileManager */,
				9C3B55D823054A6B00063443 /* AppDelegate.swift */,
				9C3B55DA23054A6B00063443 /* ViewController.swift */,
				9C3B55DC23054A6B00063443 /* Main.storyboard */,
				9C3B55DF23054A6C00063443 /* Assets.xcassets */,
				9C3B55E123054A6C00063443 /* LaunchScreen.storyboard */,
				9C3B55E423054A6C00063443 /* Info.plist */,
			);
			path = FileDownLoadUploadManager;
			sourceTree = "<group>";
		};
		9C3B55EC23054A6C00063443 /* FileDownLoadUploadManagerTests */ = {
			isa = PBXGroup;
			children = (
				9C3B55ED23054A6C00063443 /* FileDownLoadUploadManagerTests.swift */,
				9C3B55EF23054A6C00063443 /* Info.plist */,
			);
			path = FileDownLoadUploadManagerTests;
			sourceTree = "<group>";
		};
		9C3B55F723054A6C00063443 /* FileDownLoadUploadManagerUITests */ = {
			isa = PBXGroup;
			children = (
				9C3B55F823054A6C00063443 /* FileDownLoadUploadManagerUITests.swift */,
				9C3B55FA23054A6C00063443 /* Info.plist */,
			);
			path = FileDownLoadUploadManagerUITests;
			sourceTree = "<group>";
		};
		9C3B560623054A8700063443 /* FileManager */ = {
			isa = PBXGroup;
			children = (
				9C3B560723054AAD00063443 /* GYFileManager.swift */,
				9C9F2711233374DB00E1F083 /* GYSession.swift */,
				9C9F27132333756900E1F083 /* GYSessionDelegate.swift */,
				9C200D26233B49680044A91A /* RequestTaskMap.swift */,
				9C200D28233B49940044A91A /* Request.swift */,
				9C200D2A233B55900044A91A /* URLConvertible+URLRequestConvertible.swift */,
				9C200D2C233B55E30044A91A /* HTTPHeaders.swift */,
				9C200D2E233B56480044A91A /* AFError.swift */,
				9C200D34233C9C120044A91A /* DispatchQueue+Alamofire.swift */,
			);
			path = FileManager;
			sourceTree = "<group>";
		};
/* End PBXGroup section */

/* Begin PBXNativeTarget section */
		9C3B55D423054A6B00063443 /* FileDownLoadUploadManager */ = {
			isa = PBXNativeTarget;
			buildConfigurationList = 9C3B55FD23054A6C00063443 /* Build configuration list for PBXNativeTarget "FileDownLoadUploadManager" */;
			buildPhases = (
				9C3B55D123054A6B00063443 /* Sources */,
				9C3B55D223054A6B00063443 /* Frameworks */,
				9C3B55D323054A6B00063443 /* Resources */,
			);
			buildRules = (
			);
			dependencies = (
			);
			name = FileDownLoadUploadManager;
			productName = FileDownLoadUploadManager;
			productReference = 9C3B55D523054A6B00063443 /* FileDownLoadUploadManager.app */;
			productType = "com.apple.product-type.application";
		};
		9C3B55E823054A6C00063443 /* FileDownLoadUploadManagerTests */ = {
			isa = PBXNativeTarget;
			buildConfigurationList = 9C3B560023054A6C00063443 /* Build configuration list for PBXNativeTarget "FileDownLoadUploadManagerTests" */;
			buildPhases = (
				9C3B55E523054A6C00063443 /* Sources */,
				9C3B55E623054A6C00063443 /* Frameworks */,
				9C3B55E723054A6C00063443 /* Resources */,
			);
			buildRules = (
			);
			dependencies = (
				9C3B55EB23054A6C00063443 /* PBXTargetDependency */,
			);
			name = FileDownLoadUploadManagerTests;
			productName = FileDownLoadUploadManagerTests;
			productReference = 9C3B55E923054A6C00063443 /* FileDownLoadUploadManagerTests.xctest */;
			productType = "com.apple.product-type.bundle.unit-test";
		};
		9C3B55F323054A6C00063443 /* FileDownLoadUploadManagerUITests */ = {
			isa = PBXNativeTarget;
			buildConfigurationList = 9C3B560323054A6C00063443 /* Build configuration list for PBXNativeTarget "FileDownLoadUploadManagerUITests" */;
			buildPhases = (
				9C3B55F023054A6C00063443 /* Sources */,
				9C3B55F123054A6C00063443 /* Frameworks */,
				9C3B55F223054A6C00063443 /* Resources */,
			);
			buildRules = (
			);
			dependencies = (
				9C3B55F623054A6C00063443 /* PBXTargetDependency */,
			);
			name = FileDownLoadUploadManagerUITests;
			productName = FileDownLoadUploadManagerUITests;
			productReference = 9C3B55F423054A6C00063443 /* FileDownLoadUploadManagerUITests.xctest */;
			productType = "com.apple.product-type.bundle.ui-testing";
		};
/* End PBXNativeTarget section */

/* Begin PBXProject section */
		9C3B55CD23054A6B00063443 /* Project object */ = {
			isa = PBXProject;
			attributes = {
				LastSwiftUpdateCheck = 1020;
				LastUpgradeCheck = 1020;
				ORGANIZATIONNAME = chenjian;
				TargetAttributes = {
					9C3B55D423054A6B00063443 = {
						CreatedOnToolsVersion = 10.2.1;
					};
					9C3B55E823054A6C00063443 = {
						CreatedOnToolsVersion = 10.2.1;
						TestTargetID = 9C3B55D423054A6B00063443;
					};
					9C3B55F323054A6C00063443 = {
						CreatedOnToolsVersion = 10.2.1;
						TestTargetID = 9C3B55D423054A6B00063443;
					};
				};
			};
			buildConfigurationList = 9C3B55D023054A6B00063443 /* Build configuration list for PBXProject "FileDownLoadUploadManager" */;
			compatibilityVersion = "Xcode 9.3";
			developmentRegion = en;
			hasScannedForEncodings = 0;
			knownRegions = (
				en,
				Base,
			);
			mainGroup = 9C3B55CC23054A6B00063443;
			productRefGroup = 9C3B55D623054A6B00063443 /* Products */;
			projectDirPath = "";
			projectRoot = "";
			targets = (
				9C3B55D423054A6B00063443 /* FileDownLoadUploadManager */,
				9C3B55E823054A6C00063443 /* FileDownLoadUploadManagerTests */,
				9C3B55F323054A6C00063443 /* FileDownLoadUploadManagerUITests */,
			);
		};
/* End PBXProject section */

/* Begin PBXResourcesBuildPhase section */
		9C3B55D323054A6B00063443 /* Resources */ = {
			isa = PBXResourcesBuildPhase;
			buildActionMask = 2147483647;
			files = (
				9C3B55E323054A6C00063443 /* LaunchScreen.storyboard in Resources */,
				9C3B55E023054A6C00063443 /* Assets.xcassets in Resources */,
				9C3B55DE23054A6B00063443 /* Main.storyboard in Resources */,
			);
			runOnlyForDeploymentPostprocessing = 0;
		};
		9C3B55E723054A6C00063443 /* Resources */ = {
			isa = PBXResourcesBuildPhase;
			buildActionMask = 2147483647;
			files = (
			);
			runOnlyForDeploymentPostprocessing = 0;
		};
		9C3B55F223054A6C00063443 /* Resources */ = {
			isa = PBXResourcesBuildPhase;
			buildActionMask = 2147483647;
			files = (
			);
			runOnlyForDeploymentPostprocessing = 0;
		};
/* End PBXResourcesBuildPhase section */

/* Begin PBXSourcesBuildPhase section */
		9C3B55D123054A6B00063443 /* Sources */ = {
			isa = PBXSourcesBuildPhase;
			buildActionMask = 2147483647;
			files = (
				9C200D2D233B55E30044A91A /* HTTPHeaders.swift in Sources */,
				9C3B55DB23054A6B00063443 /* ViewController.swift in Sources */,
				9C200D2B233B55900044A91A /* URLConvertible+URLRequestConvertible.swift in Sources */,
				9C3B55D923054A6B00063443 /* AppDelegate.swift in Sources */,
				9C9F27142333756900E1F083 /* GYSessionDelegate.swift in Sources */,
				9C9F2712233374DB00E1F083 /* GYSession.swift in Sources */,
				9C200D29233B49940044A91A /* Request.swift in Sources */,
				9C200D35233C9C120044A91A /* DispatchQueue+Alamofire.swift in Sources */,
				9C200D2F233B56480044A91A /* AFError.swift in Sources */,
				9C3B560823054AAD00063443 /* GYFileManager.swift in Sources */,
				9C200D27233B49680044A91A /* RequestTaskMap.swift in Sources */,
			);
			runOnlyForDeploymentPostprocessing = 0;
		};
		9C3B55E523054A6C00063443 /* Sources */ = {
			isa = PBXSourcesBuildPhase;
			buildActionMask = 2147483647;
			files = (
				9C3B55EE23054A6C00063443 /* FileDownLoadUploadManagerTests.swift in Sources */,
			);
			runOnlyForDeploymentPostprocessing = 0;
		};
		9C3B55F023054A6C00063443 /* Sources */ = {
			isa = PBXSourcesBuildPhase;
			buildActionMask = 2147483647;
			files = (
				9C3B55F923054A6C00063443 /* FileDownLoadUploadManagerUITests.swift in Sources */,
			);
			runOnlyForDeploymentPostprocessing = 0;
		};
/* End PBXSourcesBuildPhase section */

/* Begin PBXTargetDependency section */
		9C3B55EB23054A6C00063443 /* PBXTargetDependency */ = {
			isa = PBXTargetDependency;
			target = 9C3B55D423054A6B00063443 /* FileDownLoadUploadManager */;
			targetProxy = 9C3B55EA23054A6C00063443 /* PBXContainerItemProxy */;
		};
		9C3B55F623054A6C00063443 /* PBXTargetDependency */ = {
			isa = PBXTargetDependency;
			target = 9C3B55D423054A6B00063443 /* FileDownLoadUploadManager */;
			targetProxy = 9C3B55F523054A6C00063443 /* PBXContainerItemProxy */;
		};
/* End PBXTargetDependency section */

/* Begin PBXVariantGroup section */
		9C3B55DC23054A6B00063443 /* Main.storyboard */ = {
			isa = PBXVariantGroup;
			children = (
				9C3B55DD23054A6B00063443 /* Base */,
			);
			name = Main.storyboard;
			sourceTree = "<group>";
		};
		9C3B55E123054A6C00063443 /* LaunchScreen.storyboard */ = {
			isa = PBXVariantGroup;
			children = (
				9C3B55E223054A6C00063443 /* Base */,
			);
			name = LaunchScreen.storyboard;
			sourceTree = "<group>";
		};
/* End PBXVariantGroup section */

/* Begin XCBuildConfiguration section */
		9C3B55FB23054A6C00063443 /* Debug */ = {
			isa = XCBuildConfiguration;
			buildSettings = {
				ALWAYS_SEARCH_USER_PATHS = NO;
				CLANG_ANALYZER_NONNULL = YES;
				CLANG_ANALYZER_NUMBER_OBJECT_CONVERSION = YES_AGGRESSIVE;
				CLANG_CXX_LANGUAGE_STANDARD = "gnu++14";
				CLANG_CXX_LIBRARY = "libc++";
				CLANG_ENABLE_MODULES = YES;
				CLANG_ENABLE_OBJC_ARC = YES;
				CLANG_ENABLE_OBJC_WEAK = YES;
				CLANG_WARN_BLOCK_CAPTURE_AUTORELEASING = YES;
				CLANG_WARN_BOOL_CONVERSION = YES;
				CLANG_WARN_COMMA = YES;
				CLANG_WARN_CONSTANT_CONVERSION = YES;
				CLANG_WARN_DEPRECATED_OBJC_IMPLEMENTATIONS = YES;
				CLANG_WARN_DIRECT_OBJC_ISA_USAGE = YES_ERROR;
				CLANG_WARN_DOCUMENTATION_COMMENTS = YES;
				CLANG_WARN_EMPTY_BODY = YES;
				CLANG_WARN_ENUM_CONVERSION = YES;
				CLANG_WARN_INFINITE_RECURSION = YES;
				CLANG_WARN_INT_CONVERSION = YES;
				CLANG_WARN_NON_LITERAL_NULL_CONVERSION = YES;
				CLANG_WARN_OBJC_IMPLICIT_RETAIN_SELF = YES;
				CLANG_WARN_OBJC_LITERAL_CONVERSION = YES;
				CLANG_WARN_OBJC_ROOT_CLASS = YES_ERROR;
				CLANG_WARN_RANGE_LOOP_ANALYSIS = YES;
				CLANG_WARN_STRICT_PROTOTYPES = YES;
				CLANG_WARN_SUSPICIOUS_MOVE = YES;
				CLANG_WARN_UNGUARDED_AVAILABILITY = YES_AGGRESSIVE;
				CLANG_WARN_UNREACHABLE_CODE = YES;
				CLANG_WARN__DUPLICATE_METHOD_MATCH = YES;
				CODE_SIGN_IDENTITY = "iPhone Developer";
				COPY_PHASE_STRIP = NO;
				DEBUG_INFORMATION_FORMAT = dwarf;
				ENABLE_STRICT_OBJC_MSGSEND = YES;
				ENABLE_TESTABILITY = YES;
				GCC_C_LANGUAGE_STANDARD = gnu11;
				GCC_DYNAMIC_NO_PIC = NO;
				GCC_NO_COMMON_BLOCKS = YES;
				GCC_OPTIMIZATION_LEVEL = 0;
				GCC_PREPROCESSOR_DEFINITIONS = (
					"DEBUG=1",
					"$(inherited)",
				);
				GCC_WARN_64_TO_32_BIT_CONVERSION = YES;
				GCC_WARN_ABOUT_RETURN_TYPE = YES_ERROR;
				GCC_WARN_UNDECLARED_SELECTOR = YES;
				GCC_WARN_UNINITIALIZED_AUTOS = YES_AGGRESSIVE;
				GCC_WARN_UNUSED_FUNCTION = YES;
				GCC_WARN_UNUSED_VARIABLE = YES;
				IPHONEOS_DEPLOYMENT_TARGET = 12.2;
				MTL_ENABLE_DEBUG_INFO = INCLUDE_SOURCE;
				MTL_FAST_MATH = YES;
				ONLY_ACTIVE_ARCH = YES;
				SDKROOT = iphoneos;
				SWIFT_ACTIVE_COMPILATION_CONDITIONS = DEBUG;
				SWIFT_OPTIMIZATION_LEVEL = "-Onone";
			};
			name = Debug;
		};
		9C3B55FC23054A6C00063443 /* Release */ = {
			isa = XCBuildConfiguration;
			buildSettings = {
				ALWAYS_SEARCH_USER_PATHS = NO;
				CLANG_ANALYZER_NONNULL = YES;
				CLANG_ANALYZER_NUMBER_OBJECT_CONVERSION = YES_AGGRESSIVE;
				CLANG_CXX_LANGUAGE_STANDARD = "gnu++14";
				CLANG_CXX_LIBRARY = "libc++";
				CLANG_ENABLE_MODULES = YES;
				CLANG_ENABLE_OBJC_ARC = YES;
				CLANG_ENABLE_OBJC_WEAK = YES;
				CLANG_WARN_BLOCK_CAPTURE_AUTORELEASING = YES;
				CLANG_WARN_BOOL_CONVERSION = YES;
				CLANG_WARN_COMMA = YES;
				CLANG_WARN_CONSTANT_CONVERSION = YES;
				CLANG_WARN_DEPRECATED_OBJC_IMPLEMENTATIONS = YES;
				CLANG_WARN_DIRECT_OBJC_ISA_USAGE = YES_ERROR;
				CLANG_WARN_DOCUMENTATION_COMMENTS = YES;
				CLANG_WARN_EMPTY_BODY = YES;
				CLANG_WARN_ENUM_CONVERSION = YES;
				CLANG_WARN_INFINITE_RECURSION = YES;
				CLANG_WARN_INT_CONVERSION = YES;
				CLANG_WARN_NON_LITERAL_NULL_CONVERSION = YES;
				CLANG_WARN_OBJC_IMPLICIT_RETAIN_SELF = YES;
				CLANG_WARN_OBJC_LITERAL_CONVERSION = YES;
				CLANG_WARN_OBJC_ROOT_CLASS = YES_ERROR;
				CLANG_WARN_RANGE_LOOP_ANALYSIS = YES;
				CLANG_WARN_STRICT_PROTOTYPES = YES;
				CLANG_WARN_SUSPICIOUS_MOVE = YES;
				CLANG_WARN_UNGUARDED_AVAILABILITY = YES_AGGRESSIVE;
				CLANG_WARN_UNREACHABLE_CODE = YES;
				CLANG_WARN__DUPLICATE_METHOD_MATCH = YES;
				CODE_SIGN_IDENTITY = "iPhone Developer";
				COPY_PHASE_STRIP = NO;
				DEBUG_INFORMATION_FORMAT = "dwarf-with-dsym";
				ENABLE_NS_ASSERTIONS = NO;
				ENABLE_STRICT_OBJC_MSGSEND = YES;
				GCC_C_LANGUAGE_STANDARD = gnu11;
				GCC_NO_COMMON_BLOCKS = YES;
				GCC_WARN_64_TO_32_BIT_CONVERSION = YES;
				GCC_WARN_ABOUT_RETURN_TYPE = YES_ERROR;
				GCC_WARN_UNDECLARED_SELECTOR = YES;
				GCC_WARN_UNINITIALIZED_AUTOS = YES_AGGRESSIVE;
				GCC_WARN_UNUSED_FUNCTION = YES;
				GCC_WARN_UNUSED_VARIABLE = YES;
				IPHONEOS_DEPLOYMENT_TARGET = 12.2;
				MTL_ENABLE_DEBUG_INFO = NO;
				MTL_FAST_MATH = YES;
				SDKROOT = iphoneos;
				SWIFT_COMPILATION_MODE = wholemodule;
				SWIFT_OPTIMIZATION_LEVEL = "-O";
				VALIDATE_PRODUCT = YES;
			};
			name = Release;
		};
		9C3B55FE23054A6C00063443 /* Debug */ = {
			isa = XCBuildConfiguration;
			buildSettings = {
				ASSETCATALOG_COMPILER_APPICON_NAME = AppIcon;
				CODE_SIGN_STYLE = Automatic;
				DEVELOPMENT_TEAM = W4UB3R88QD;
				INFOPLIST_FILE = FileDownLoadUploadManager/Info.plist;
				IPHONEOS_DEPLOYMENT_TARGET = 11.0;
				LD_RUNPATH_SEARCH_PATHS = (
					"$(inherited)",
					"@executable_path/Frameworks",
				);
				PRODUCT_BUNDLE_IDENTIFIER = com.cj.FileDownLoadUploadManager;
				PRODUCT_NAME = "$(TARGET_NAME)";
				SWIFT_VERSION = 5.0;
				TARGETED_DEVICE_FAMILY = 1;
			};
			name = Debug;
		};
		9C3B55FF23054A6C00063443 /* Release */ = {
			isa = XCBuildConfiguration;
			buildSettings = {
				ASSETCATALOG_COMPILER_APPICON_NAME = AppIcon;
				CODE_SIGN_STYLE = Automatic;
				DEVELOPMENT_TEAM = W4UB3R88QD;
				INFOPLIST_FILE = FileDownLoadUploadManager/Info.plist;
				IPHONEOS_DEPLOYMENT_TARGET = 11.0;
				LD_RUNPATH_SEARCH_PATHS = (
					"$(inherited)",
					"@executable_path/Frameworks",
				);
				PRODUCT_BUNDLE_IDENTIFIER = com.cj.FileDownLoadUploadManager;
				PRODUCT_NAME = "$(TARGET_NAME)";
				SWIFT_VERSION = 5.0;
				TARGETED_DEVICE_FAMILY = 1;
			};
			name = Release;
		};
		9C3B560123054A6C00063443 /* Debug */ = {
			isa = XCBuildConfiguration;
			buildSettings = {
				ALWAYS_EMBED_SWIFT_STANDARD_LIBRARIES = YES;
				BUNDLE_LOADER = "$(TEST_HOST)";
				CODE_SIGN_STYLE = Automatic;
				INFOPLIST_FILE = FileDownLoadUploadManagerTests/Info.plist;
				LD_RUNPATH_SEARCH_PATHS = (
					"$(inherited)",
					"@executable_path/Frameworks",
					"@loader_path/Frameworks",
				);
				PRODUCT_BUNDLE_IDENTIFIER = com.cj.FileDownLoadUploadManagerTests;
				PRODUCT_NAME = "$(TARGET_NAME)";
				SWIFT_VERSION = 5.0;
				TARGETED_DEVICE_FAMILY = "1,2";
				TEST_HOST = "$(BUILT_PRODUCTS_DIR)/FileDownLoadUploadManager.app/FileDownLoadUploadManager";
			};
			name = Debug;
		};
		9C3B560223054A6C00063443 /* Release */ = {
			isa = XCBuildConfiguration;
			buildSettings = {
				ALWAYS_EMBED_SWIFT_STANDARD_LIBRARIES = YES;
				BUNDLE_LOADER = "$(TEST_HOST)";
				CODE_SIGN_STYLE = Automatic;
				INFOPLIST_FILE = FileDownLoadUploadManagerTests/Info.plist;
				LD_RUNPATH_SEARCH_PATHS = (
					"$(inherited)",
					"@executable_path/Frameworks",
					"@loader_path/Frameworks",
				);
				PRODUCT_BUNDLE_IDENTIFIER = com.cj.FileDownLoadUploadManagerTests;
				PRODUCT_NAME = "$(TARGET_NAME)";
				SWIFT_VERSION = 5.0;
				TARGETED_DEVICE_FAMILY = "1,2";
				TEST_HOST = "$(BUILT_PRODUCTS_DIR)/FileDownLoadUploadManager.app/FileDownLoadUploadManager";
			};
			name = Release;
		};
		9C3B560423054A6C00063443 /* Debug */ = {
			isa = XCBuildConfiguration;
			buildSettings = {
				ALWAYS_EMBED_SWIFT_STANDARD_LIBRARIES = YES;
				CODE_SIGN_STYLE = Automatic;
				INFOPLIST_FILE = FileDownLoadUploadManagerUITests/Info.plist;
				LD_RUNPATH_SEARCH_PATHS = (
					"$(inherited)",
					"@executable_path/Frameworks",
					"@loader_path/Frameworks",
				);
				PRODUCT_BUNDLE_IDENTIFIER = com.cj.FileDownLoadUploadManagerUITests;
				PRODUCT_NAME = "$(TARGET_NAME)";
				SWIFT_VERSION = 5.0;
				TARGETED_DEVICE_FAMILY = "1,2";
				TEST_TARGET_NAME = FileDownLoadUploadManager;
			};
			name = Debug;
		};
		9C3B560523054A6C00063443 /* Release */ = {
			isa = XCBuildConfiguration;
			buildSettings = {
				ALWAYS_EMBED_SWIFT_STANDARD_LIBRARIES = YES;
				CODE_SIGN_STYLE = Automatic;
				INFOPLIST_FILE = FileDownLoadUploadManagerUITests/Info.plist;
				LD_RUNPATH_SEARCH_PATHS = (
					"$(inherited)",
					"@executable_path/Frameworks",
					"@loader_path/Frameworks",
				);
				PRODUCT_BUNDLE_IDENTIFIER = com.cj.FileDownLoadUploadManagerUITests;
				PRODUCT_NAME = "$(TARGET_NAME)";
				SWIFT_VERSION = 5.0;
				TARGETED_DEVICE_FAMILY = "1,2";
				TEST_TARGET_NAME = FileDownLoadUploadManager;
			};
			name = Release;
		};
/* End XCBuildConfiguration section */

/* Begin XCConfigurationList section */
		9C3B55D023054A6B00063443 /* Build configuration list for PBXProject "FileDownLoadUploadManager" */ = {
			isa = XCConfigurationList;
			buildConfigurations = (
				9C3B55FB23054A6C00063443 /* Debug */,
				9C3B55FC23054A6C00063443 /* Release */,
			);
			defaultConfigurationIsVisible = 0;
			defaultConfigurationName = Release;
		};
		9C3B55FD23054A6C00063443 /* Build configuration list for PBXNativeTarget "FileDownLoadUploadManager" */ = {
			isa = XCConfigurationList;
			buildConfigurations = (
				9C3B55FE23054A6C00063443 /* Debug */,
				9C3B55FF23054A6C00063443 /* Release */,
			);
			defaultConfigurationIsVisible = 0;
			defaultConfigurationName = Release;
		};
		9C3B560023054A6C00063443 /* Build configuration list for PBXNativeTarget "FileDownLoadUploadManagerTests" */ = {
			isa = XCConfigurationList;
			buildConfigurations = (
				9C3B560123054A6C00063443 /* Debug */,
				9C3B560223054A6C00063443 /* Release */,
			);
			defaultConfigurationIsVisible = 0;
			defaultConfigurationName = Release;
		};
		9C3B560323054A6C00063443 /* Build configuration list for PBXNativeTarget "FileDownLoadUploadManagerUITests" */ = {
			isa = XCConfigurationList;
			buildConfigurations = (
				9C3B560423054A6C00063443 /* Debug */,
				9C3B560523054A6C00063443 /* Release */,
			);
			defaultConfigurationIsVisible = 0;
			defaultConfigurationName = Release;
		};
/* End XCConfigurationList section */
	};
	rootObject = 9C3B55CD23054A6B00063443 /* Project object */;
}
